
Microsoft Visual Studio Solution File, Format Version 12.00
# Visual Studio Version 16
VisualStudioVersion = 16.0.29911.84
MinimumVisualStudioVersion = 10.0.40219.1
Project("{FAE04EC0-301F-11D3-BF4B-00C04F79EFBC}") = "CoffeeShop", "CoffeeShop\CoffeeShop.csproj", "{AF7E5BA1-F8F5-45F1-9A8B-FDE8332D153F}"
EndProject
Global
	GlobalSection(SolutionConfigurationPlatforms) = preSolution
		Debug|Any CPU = Debug|Any CPU
		Release|Any CPU = Release|Any CPU
	EndGlobalSection
	GlobalSection(ProjectConfigurationPlatforms) = postSolution
		{AF7E5BA1-F8F5-45F1-9A8B-FDE8332D153F}.Debug|Any CPU.ActiveCfg = Debug|Any CPU
		{AF7E5BA1-F8F5-45F1-9A8B-FDE8332D153F}.Debug|Any CPU.Build.0 = Debug|Any CPU
		{AF7E5BA1-F8F5-45F1-9A8B-FDE8332D153F}.Release|Any CPU.ActiveCfg = Release|Any CPU
		{AF7E5BA1-F8F5-45F1-9A8B-FDE8332D153F}.Release|Any CPU.Build.0 = Release|Any CPU
	EndGlobalSection
	GlobalSection(SolutionProperties) = preSolution
		HideSolutionNode = FALSE
	EndGlobalSection
	GlobalSection(ExtensibilityGlobals) = postSolution
		SolutionGuid = {D64277A4-18EB-4180-B80F-CF6130E4BFFD}
	EndGlobalSection
EndGlobal
